// !$*UTF8*$!
{
	archiveVersion = 1;
	classes = {
	};
	objectVersion = 46;
	objects = {

/* Begin PBXBuildFile section */
		A47D2B821654D4FD0081E857 /* UIKit.framework in Frameworks */ = {isa = PBXBuildFile; fileRef = A47D2B811654D4FD0081E857 /* UIKit.framework */; };
		A47D2B841654D4FD0081E857 /* Foundation.framework in Frameworks */ = {isa = PBXBuildFile; fileRef = A47D2B831654D4FD0081E857 /* Foundation.framework */; };
		A47D2B861654D4FD0081E857 /* CoreGraphics.framework in Frameworks */ = {isa = PBXBuildFile; fileRef = A47D2B851654D4FD0081E857 /* CoreGraphics.framework */; };
		A47D2B8C1654D4FD0081E857 /* InfoPlist.strings in Resources */ = {isa = PBXBuildFile; fileRef = A47D2B8A1654D4FD0081E857 /* InfoPlist.strings */; };
		A47D2B8E1654D4FD0081E857 /* main.m in Sources */ = {isa = PBXBuildFile; fileRef = A47D2B8D1654D4FD0081E857 /* main.m */; };
		A47D2B921654D4FD0081E857 /* AppDelegate.m in Sources */ = {isa = PBXBuildFile; fileRef = A47D2B911654D4FD0081E857 /* AppDelegate.m */; };
		A47D2B941654D4FD0081E857 /* Default.png in Resources */ = {isa = PBXBuildFile; fileRef = A47D2B931654D4FD0081E857 /* Default.png */; };
		A47D2B961654D4FD0081E857 /* Default@2x.png in Resources */ = {isa = PBXBuildFile; fileRef = A47D2B951654D4FD0081E857 /* Default@2x.png */; };
		A47D2B981654D4FD0081E857 /* Default-568h@2x.png in Resources */ = {isa = PBXBuildFile; fileRef = A47D2B971654D4FD0081E857 /* Default-568h@2x.png */; };
		A47D2B9B1654D4FD0081E857 /* SNewsViewController.m in Sources */ = {isa = PBXBuildFile; fileRef = A47D2B9A1654D4FD0081E857 /* SNewsViewController.m */; };
		A47D2BA61654E1860081E857 /* SRequest.m in Sources */ = {isa = PBXBuildFile; fileRef = A47D2BA51654E1860081E857 /* SRequest.m */; };
		A47D2BB816550EB70081E857 /* SNewsModel.m in Sources */ = {isa = PBXBuildFile; fileRef = A47D2BB716550EB70081E857 /* SNewsModel.m */; };
		A47D2BBA165520D50081E857 /* index.html in Resources */ = {isa = PBXBuildFile; fileRef = A47D2BB9165520D50081E857 /* index.html */; };
		A47D2BC2165555CC0081E857 /* SNewsCell.m in Sources */ = {isa = PBXBuildFile; fileRef = A47D2BC1165555CC0081E857 /* SNewsCell.m */; };
		A47D2BCB16555BDE0081E857 /* MBProgressHUD.m in Sources */ = {isa = PBXBuildFile; fileRef = A47D2BC916555B340081E857 /* MBProgressHUD.m */; settings = {COMPILER_FLAGS = "-fno-objc-arc"; }; };
/* End PBXBuildFile section */

/* Begin PBXFileReference section */
		A47D2B7D1654D4FD0081E857 /* SCaodan.app */ = {isa = PBXFileReference; explicitFileType = wrapper.application; includeInIndex = 0; path = SCaodan.app; sourceTree = BUILT_PRODUCTS_DIR; };
		A47D2B811654D4FD0081E857 /* UIKit.framework */ = {isa = PBXFileReference; lastKnownFileType = wrapper.framework; name = UIKit.framework; path = System/Library/Frameworks/UIKit.framework; sourceTree = SDKROOT; };
		A47D2B831654D4FD0081E857 /* Foundation.framework */ = {isa = PBXFileReference; lastKnownFileType = wrapper.framework; name = Foundation.framework; path = System/Library/Frameworks/Foundation.framework; sourceTree = SDKROOT; };
		A47D2B851654D4FD0081E857 /* CoreGraphics.framework */ = {isa = PBXFileReference; lastKnownFileType = wrapper.framework; name = CoreGraphics.framework; path = System/Library/Frameworks/CoreGraphics.framework; sourceTree = SDKROOT; };
		A47D2B891654D4FD0081E857 /* SCaodan-Info.plist */ = {isa = PBXFileReference; lastKnownFileType = text.plist.xml; path = "SCaodan-Info.plist"; sourceTree = "<group>"; };
		A47D2B8B1654D4FD0081E857 /* en */ = {isa = PBXFileReference; lastKnownFileType = text.plist.strings; name = en; path = en.lproj/InfoPlist.strings; sourceTree = "<group>"; };
		A47D2B8D1654D4FD0081E857 /* main.m */ = {isa = PBXFileReference; lastKnownFileType = sourcecode.c.objc; path = main.m; sourceTree = "<group>"; };
		A47D2B8F1654D4FD0081E857 /* SCaodan-Prefix.pch */ = {isa = PBXFileReference; lastKnownFileType = sourcecode.c.h; path = "SCaodan-Prefix.pch"; sourceTree = "<group>"; };
		A47D2B901654D4FD0081E857 /* AppDelegate.h */ = {isa = PBXFileReference; lastKnownFileType = sourcecode.c.h; path = AppDelegate.h; sourceTree = "<group>"; };
		A47D2B911654D4FD0081E857 /* AppDelegate.m */ = {isa = PBXFileReference; lastKnownFileType = sourcecode.c.objc; path = AppDelegate.m; sourceTree = "<group>"; };
		A47D2B931654D4FD0081E857 /* Default.png */ = {isa = PBXFileReference; lastKnownFileType = image.png; path = Default.png; sourceTree = "<group>"; };
		A47D2B951654D4FD0081E857 /* Default@2x.png */ = {isa = PBXFileReference; lastKnownFileType = image.png; path = "Default@2x.png"; sourceTree = "<group>"; };
		A47D2B971654D4FD0081E857 /* Default-568h@2x.png */ = {isa = PBXFileReference; lastKnownFileType = image.png; path = "Default-568h@2x.png"; sourceTree = "<group>"; };
		A47D2B991654D4FD0081E857 /* SNewsViewController.h */ = {isa = PBXFileReference; lastKnownFileType = sourcecode.c.h; path = SNewsViewController.h; sourceTree = "<group>"; };
		A47D2B9A1654D4FD0081E857 /* SNewsViewController.m */ = {isa = PBXFileReference; lastKnownFileType = sourcecode.c.objc; path = SNewsViewController.m; sourceTree = "<group>"; };
		A47D2BA41654E1860081E857 /* SRequest.h */ = {isa = PBXFileReference; fileEncoding = 4; lastKnownFileType = sourcecode.c.h; path = SRequest.h; sourceTree = "<group>"; };
		A47D2BA51654E1860081E857 /* SRequest.m */ = {isa = PBXFileReference; fileEncoding = 4; lastKnownFileType = sourcecode.c.objc; path = SRequest.m; sourceTree = "<group>"; };
		A47D2BB31654FD0F0081E857 /* SContrants.h */ = {isa = PBXFileReference; fileEncoding = 4; lastKnownFileType = sourcecode.c.h; path = SContrants.h; sourceTree = "<group>"; };
		A47D2BB616550EB70081E857 /* SNewsModel.h */ = {isa = PBXFileReference; fileEncoding = 4; lastKnownFileType = sourcecode.c.h; path = SNewsModel.h; sourceTree = "<group>"; };
		A47D2BB716550EB70081E857 /* SNewsModel.m */ = {isa = PBXFileReference; fileEncoding = 4; lastKnownFileType = sourcecode.c.objc; path = SNewsModel.m; sourceTree = "<group>"; };
		A47D2BB9165520D50081E857 /* index.html */ = {isa = PBXFileReference; fileEncoding = 4; lastKnownFileType = text.html; path = index.html; sourceTree = "<group>"; };
		A47D2BC0165555CC0081E857 /* SNewsCell.h */ = {isa = PBXFileReference; fileEncoding = 4; lastKnownFileType = sourcecode.c.h; path = SNewsCell.h; sourceTree = "<group>"; };
		A47D2BC1165555CC0081E857 /* SNewsCell.m */ = {isa = PBXFileReference; fileEncoding = 4; lastKnownFileType = sourcecode.c.objc; path = SNewsCell.m; sourceTree = "<group>"; };
		A47D2BC816555B340081E857 /* MBProgressHUD.h */ = {isa = PBXFileReference; lastKnownFileType = sourcecode.c.h; path = MBProgressHUD.h; sourceTree = "<group>"; };
		A47D2BC916555B340081E857 /* MBProgressHUD.m */ = {isa = PBXFileReference; lastKnownFileType = sourcecode.c.objc; path = MBProgressHUD.m; sourceTree = "<group>"; };
/* End PBXFileReference section */

/* Begin PBXFrameworksBuildPhase section */
		A47D2B7A1654D4FD0081E857 /* Frameworks */ = {
			isa = PBXFrameworksBuildPhase;
			buildActionMask = 2147483647;
			files = (
				A47D2B821654D4FD0081E857 /* UIKit.framework in Frameworks */,
				A47D2B841654D4FD0081E857 /* Foundation.framework in Frameworks */,
				A47D2B861654D4FD0081E857 /* CoreGraphics.framework in Frameworks */,
			);
			runOnlyForDeploymentPostprocessing = 0;
		};
/* End PBXFrameworksBuildPhase section */

/* Begin PBXGroup section */
		A47D2B721654D4FD0081E857 = {
			isa = PBXGroup;
			children = (
				A47D2B871654D4FD0081E857 /* SCaodan */,
				A47D2B801654D4FD0081E857 /* Frameworks */,
				A47D2B7E1654D4FD0081E857 /* Products */,
			);
			sourceTree = "<group>";
		};
		A47D2B7E1654D4FD0081E857 /* Products */ = {
			isa = PBXGroup;
			children = (
				A47D2B7D1654D4FD0081E857 /* SCaodan.app */,
			);
			name = Products;
			sourceTree = "<group>";
		};
		A47D2B801654D4FD0081E857 /* Frameworks */ = {
			isa = PBXGroup;
			children = (
				A47D2B811654D4FD0081E857 /* UIKit.framework */,
				A47D2B831654D4FD0081E857 /* Foundation.framework */,
				A47D2B851654D4FD0081E857 /* CoreGraphics.framework */,
			);
			name = Frameworks;
			sourceTree = "<group>";
		};
		A47D2B871654D4FD0081E857 /* SCaodan */ = {
			isa = PBXGroup;
			children = (
				A47D2B901654D4FD0081E857 /* AppDelegate.h */,
				A47D2B911654D4FD0081E857 /* AppDelegate.m */,
				A47D2BA41654E1860081E857 /* SRequest.h */,
				A47D2BA51654E1860081E857 /* SRequest.m */,
				A47D2BC0165555CC0081E857 /* SNewsCell.h */,
				A47D2BC1165555CC0081E857 /* SNewsCell.m */,
				A47D2BB616550EB70081E857 /* SNewsModel.h */,
				A47D2BB716550EB70081E857 /* SNewsModel.m */,
				A47D2B991654D4FD0081E857 /* SNewsViewController.h */,
				A47D2B9A1654D4FD0081E857 /* SNewsViewController.m */,
				A47D2BC816555B340081E857 /* MBProgressHUD.h */,
				A47D2BC916555B340081E857 /* MBProgressHUD.m */,
				A47D2B881654D4FD0081E857 /* Supporting Files */,
				A47D2BB31654FD0F0081E857 /* SContrants.h */,
				A47D2BB9165520D50081E857 /* index.html */,
			);
			path = SCaodan;
			sourceTree = "<group>";
		};
		A47D2B881654D4FD0081E857 /* Supporting Files */ = {
			isa = PBXGroup;
			children = (
				A47D2B891654D4FD0081E857 /* SCaodan-Info.plist */,
				A47D2B8A1654D4FD0081E857 /* InfoPlist.strings */,
				A47D2B8D1654D4FD0081E857 /* main.m */,
				A47D2B8F1654D4FD0081E857 /* SCaodan-Prefix.pch */,
				A47D2B931654D4FD0081E857 /* Default.png */,
				A47D2B951654D4FD0081E857 /* Default@2x.png */,
				A47D2B971654D4FD0081E857 /* Default-568h@2x.png */,
			);
			name = "Supporting Files";
			sourceTree = "<group>";
		};
/* End PBXGroup section */

/* Begin PBXNativeTarget section */
		A47D2B7C1654D4FD0081E857 /* SCaodan */ = {
			isa = PBXNativeTarget;
			buildConfigurationList = A47D2BA11654D4FD0081E857 /* Build configuration list for PBXNativeTarget "SCaodan" */;
			buildPhases = (
				A47D2B791654D4FD0081E857 /* Sources */,
				A47D2B7A1654D4FD0081E857 /* Frameworks */,
				A47D2B7B1654D4FD0081E857 /* Resources */,
			);
			buildRules = (
			);
			dependencies = (
			);
			name = SCaodan;
			productName = SCaodan;
			productReference = A47D2B7D1654D4FD0081E857 /* SCaodan.app */;
			productType = "com.apple.product-type.application";
		};
/* End PBXNativeTarget section */

/* Begin PBXProject section */
		A47D2B741654D4FD0081E857 /* Project object */ = {
			isa = PBXProject;
			attributes = {
				LastUpgradeCheck = 0450;
				ORGANIZATIONNAME = sun;
			};
			buildConfigurationList = A47D2B771654D4FD0081E857 /* Build configuration list for PBXProject "SCaodan" */;
			compatibilityVersion = "Xcode 3.2";
			developmentRegion = English;
			hasScannedForEncodings = 0;
			knownRegions = (
				en,
			);
			mainGroup = A47D2B721654D4FD0081E857;
			productRefGroup = A47D2B7E1654D4FD0081E857 /* Products */;
			projectDirPath = "";
			projectRoot = "";
			targets = (
				A47D2B7C1654D4FD0081E857 /* SCaodan */,
			);
		};
/* End PBXProject section */

/* Begin PBXResourcesBuildPhase section */
		A47D2B7B1654D4FD0081E857 /* Resources */ = {
			isa = PBXResourcesBuildPhase;
			buildActionMask = 2147483647;
			files = (
				A47D2B8C1654D4FD0081E857 /* InfoPlist.strings in Resources */,
				A47D2B941654D4FD0081E857 /* Default.png in Resources */,
				A47D2B961654D4FD0081E857 /* Default@2x.png in Resources */,
				A47D2B981654D4FD0081E857 /* Default-568h@2x.png in Resources */,
				A47D2BBA165520D50081E857 /* index.html in Resources */,
			);
			runOnlyForDeploymentPostprocessing = 0;
		};
/* End PBXResourcesBuildPhase section */

/* Begin PBXSourcesBuildPhase section */
		A47D2B791654D4FD0081E857 /* Sources */ = {
			isa = PBXSourcesBuildPhase;
			buildActionMask = 2147483647;
			files = (
				A47D2BCB16555BDE0081E857 /* MBProgressHUD.m in Sources */,
				A47D2B8E1654D4FD0081E857 /* main.m in Sources */,
				A47D2B921654D4FD0081E857 /* AppDelegate.m in Sources */,
				A47D2B9B1654D4FD0081E857 /* SNewsViewController.m in Sources */,
				A47D2BA61654E1860081E857 /* SRequest.m in Sources */,
				A47D2BB816550EB70081E857 /* SNewsModel.m in Sources */,
				A47D2BC2165555CC0081E857 /* SNewsCell.m in Sources */,
			);
			runOnlyForDeploymentPostprocessing = 0;
		};
/* End PBXSourcesBuildPhase section */

/* Begin PBXVariantGroup section */
		A47D2B8A1654D4FD0081E857 /* InfoPlist.strings */ = {
			isa = PBXVariantGroup;
			children = (
				A47D2B8B1654D4FD0081E857 /* en */,
			);
			name = InfoPlist.strings;
			sourceTree = "<group>";
		};
/* End PBXVariantGroup section */

/* Begin XCBuildConfiguration section */
		A47D2B9F1654D4FD0081E857 /* Debug */ = {
			isa = XCBuildConfiguration;
			buildSettings = {
				ALWAYS_SEARCH_USER_PATHS = NO;
				CLANG_CXX_LANGUAGE_STANDARD = "gnu++0x";
				CLANG_CXX_LIBRARY = "libc++";
				CLANG_ENABLE_OBJC_ARC = YES;
				CLANG_WARN_EMPTY_BODY = YES;
				CLANG_WARN__DUPLICATE_METHOD_MATCH = YES;
				"CODE_SIGN_IDENTITY[sdk=iphoneos*]" = "iPhone Developer";
				COPY_PHASE_STRIP = NO;
				GCC_C_LANGUAGE_STANDARD = gnu99;
				GCC_DYNAMIC_NO_PIC = NO;
				GCC_OPTIMIZATION_LEVEL = 0;
				GCC_PREPROCESSOR_DEFINITIONS = (
					"DEBUG=1",
					"$(inherited)",
				);
				GCC_SYMBOLS_PRIVATE_EXTERN = NO;
				GCC_WARN_ABOUT_RETURN_TYPE = YES;
				GCC_WARN_UNINITIALIZED_AUTOS = YES;
				GCC_WARN_UNUSED_VARIABLE = YES;
				IPHONEOS_DEPLOYMENT_TARGET = 6.0;
				ONLY_ACTIVE_ARCH = YES;
				SDKROOT = iphoneos;
			};
			name = Debug;
		};
		A47D2BA01654D4FD0081E857 /* Release */ = {
			isa = XCBuildConfiguration;
			buildSettings = {
				ALWAYS_SEARCH_USER_PATHS = NO;
				CLANG_CXX_LANGUAGE_STANDARD = "gnu++0x";
				CLANG_CXX_LIBRARY = "libc++";
				CLANG_ENABLE_OBJC_ARC = YES;
				CLANG_WARN_EMPTY_BODY = YES;
				CLANG_WARN__DUPLICATE_METHOD_MATCH = YES;
				"CODE_SIGN_IDENTITY[sdk=iphoneos*]" = "iPhone Developer";
				COPY_PHASE_STRIP = YES;
				GCC_C_LANGUAGE_STANDARD = gnu99;
				GCC_WARN_ABOUT_RETURN_TYPE = YES;
				GCC_WARN_UNINITIALIZED_AUTOS = YES;
				GCC_WARN_UNUSED_VARIABLE = YES;
				IPHONEOS_DEPLOYMENT_TARGET = 6.0;
				OTHER_CFLAGS = "-DNS_BLOCK_ASSERTIONS=1";
				SDKROOT = iphoneos;
				VALIDATE_PRODUCT = YES;
			};
			name = Release;
		};
		A47D2BA21654D4FD0081E857 /* Debug */ = {
			isa = XCBuildConfiguration;
			buildSettings = {
				GCC_PRECOMPILE_PREFIX_HEADER = YES;
				GCC_PREFIX_HEADER = "SCaodan/SCaodan-Prefix.pch";
				INFOPLIST_FILE = "SCaodan/SCaodan-Info.plist";
				IPHONEOS_DEPLOYMENT_TARGET = 5.1;
				PRODUCT_NAME = "$(TARGET_NAME)";
				WRAPPER_EXTENSION = app;
			};
			name = Debug;
		};
		A47D2BA31654D4FD0081E857 /* Release */ = {
			isa = XCBuildConfiguration;
			buildSettings = {
				GCC_PRECOMPILE_PREFIX_HEADER = YES;
				GCC_PREFIX_HEADER = "SCaodan/SCaodan-Prefix.pch";
				INFOPLIST_FILE = "SCaodan/SCaodan-Info.plist";
				IPHONEOS_DEPLOYMENT_TARGET = 5.1;
				PRODUCT_NAME = "$(TARGET_NAME)";
				WRAPPER_EXTENSION = app;
			};
			name = Release;
		};
/* End XCBuildConfiguration section */

/* Begin XCConfigurationList section */
		A47D2B771654D4FD0081E857 /* Build configuration list for PBXProject "SCaodan" */ = {
			isa = XCConfigurationList;
			buildConfigurations = (
				A47D2B9F1654D4FD0081E857 /* Debug */,
				A47D2BA01654D4FD0081E857 /* Release */,
			);
			defaultConfigurationIsVisible = 0;
			defaultConfigurationName = Release;
		};
		A47D2BA11654D4FD0081E857 /* Build configuration list for PBXNativeTarget "SCaodan" */ = {
			isa = XCConfigurationList;
			buildConfigurations = (
				A47D2BA21654D4FD0081E857 /* Debug */,
				A47D2BA31654D4FD0081E857 /* Release */,
			);
			defaultConfigurationIsVisible = 0;
		};
/* End XCConfigurationList section */
	};
	rootObject = A47D2B741654D4FD0081E857 /* Project object */;
}
